
Microsoft Visual Studio Solution File, Format Version 12.00
# Visual Studio Version 17
VisualStudioVersion = 17.4.33205.214
MinimumVisualStudioVersion = 10.0.40219.1
Project("{FAE04EC0-301F-11D3-BF4B-00C04F79EFBC}") = "ksp2_mod_loader_patcher", "ksp2_mod_loader_patcher\ksp2_mod_loader_patcher.csproj", "{DFCA7C3B-AEAC-465F-98B2-ED61D3929EE8}"
EndProject
Project("{FAE04EC0-301F-11D3-BF4B-00C04F79EFBC}") = "mod_loader", "mod_loader\mod_loader.csproj", "{42FA2F7B-A595-44E8-8CD5-A9C30B80A667}"
EndProject
Global
	GlobalSection(SolutionConfigurationPlatforms) = preSolution
		Debug|Any CPU = Debug|Any CPU
		Release|Any CPU = Release|Any CPU
	EndGlobalSection
	GlobalSection(ProjectConfigurationPlatforms) = postSolution
		{DFCA7C3B-AEAC-465F-98B2-ED61D3929EE8}.Debug|Any CPU.ActiveCfg = Debug|Any CPU
		{DFCA7C3B-AEAC-465F-98B2-ED61D3929EE8}.Debug|Any CPU.Build.0 = Debug|Any CPU
		{DFCA7C3B-AEAC-465F-98B2-ED61D3929EE8}.Release|Any CPU.ActiveCfg = Release|Any CPU
		{DFCA7C3B-AEAC-465F-98B2-ED61D3929EE8}.Release|Any CPU.Build.0 = Release|Any CPU
		{42FA2F7B-A595-44E8-8CD5-A9C30B80A667}.Debug|Any CPU.ActiveCfg = Debug|Any CPU
		{42FA2F7B-A595-44E8-8CD5-A9C30B80A667}.Debug|Any CPU.Build.0 = Debug|Any CPU
		{42FA2F7B-A595-44E8-8CD5-A9C30B80A667}.Release|Any CPU.ActiveCfg = Release|Any CPU
		{42FA2F7B-A595-44E8-8CD5-A9C30B80A667}.Release|Any CPU.Build.0 = Release|Any CPU
	EndGlobalSection
	GlobalSection(SolutionProperties) = preSolution
		HideSolutionNode = FALSE
	EndGlobalSection
	GlobalSection(ExtensibilityGlobals) = postSolution
		SolutionGuid = {CC049660-EA3D-47B2-91B0-F4B89244F3BE}
	EndGlobalSection
EndGlobal
